PODS:
  - lua4swift (1.0.0)
  - SwiftorioBlueprints (0.0.1):
    - SwiftorioDataRaw
    - SwiftorioDi
    - SwiftorioFoundation
  - SwiftorioBlueprints/UnitTests (0.0.1):
    - SwiftorioDataRaw
    - SwiftorioDi
    - SwiftorioFoundation
    - SwiftorioUnitTestsFoundation
  - SwiftorioDataRaw (0.0.1):
    - lua4swift
    - SwiftorioDi
    - SwiftorioFoundation
  - SwiftorioDataRaw/UnitTests (0.0.1):
    - lua4swift
    - SwiftorioDi
    - SwiftorioFoundation
    - SwiftorioUnitTestsFoundation
  - SwiftorioDi (0.0.1):
    - SwiftorioFoundation
  - SwiftorioDi/UnitTests (0.0.1):
    - SwiftorioFoundation
    - SwiftorioUnitTestsFoundation
  - SwiftorioFoundation (0.0.1)
  - SwiftorioFoundation/UnitTests (0.0.1):
    - SwiftorioUnitTestsFoundation
  - SwiftorioRichText (0.0.1):
    - SwiftorioDi
    - SwiftorioFoundation
  - SwiftorioRichText/UnitTests (0.0.1):
    - SwiftorioDi
    - SwiftorioFoundation
    - SwiftorioUnitTestsFoundation
  - SwiftorioUnitTestsFoundation (0.0.1):
    - SwiftorioDi
    - SwiftorioFoundation

DEPENDENCIES:
  - lua4swift (from `https://github.com/weyhan/lua4swift`)
  - SwiftorioBlueprints (from `.`)
  - SwiftorioBlueprints/UnitTests (from `.`)
  - SwiftorioDataRaw (from `.`)
  - SwiftorioDataRaw/UnitTests (from `.`)
  - SwiftorioDi (from `.`)
  - SwiftorioDi/UnitTests (from `.`)
  - SwiftorioFoundation (from `.`)
  - SwiftorioFoundation/UnitTests (from `.`)
  - SwiftorioRichText (from `.`)
  - SwiftorioRichText/UnitTests (from `.`)
  - SwiftorioUnitTestsFoundation (from `PrivateFrameworks/UnitTestsFoundation`)

EXTERNAL SOURCES:
  lua4swift:
    :git: https://github.com/weyhan/lua4swift
  SwiftorioBlueprints:
    :path: "."
  SwiftorioDataRaw:
    :path: "."
  SwiftorioDi:
    :path: "."
  SwiftorioFoundation:
    :path: "."
  SwiftorioRichText:
    :path: "."
  SwiftorioUnitTestsFoundation:
    :path: PrivateFrameworks/UnitTestsFoundation

CHECKOUT OPTIONS:
  lua4swift:
    :commit: d965cb3155aa833300b2cf8559accac5372b79ee
    :git: https://github.com/weyhan/lua4swift

SPEC CHECKSUMS:
  lua4swift: ab22d4276eb6ab444ae7800c76c3beccbc136e3c
  SwiftorioBlueprints: 7cec62af1909e9b4b1a13c6e63bc31445b9a3d4c
  SwiftorioDataRaw: 03e9328f081c670bbf8bb507802da1747bdbd19d
  SwiftorioDi: c058833fb701f60e9ec47b9dd87292d9b703a709
  SwiftorioFoundation: 183878416faaa29782839c300834523b4c794374
  SwiftorioRichText: fb8c66a168a7bc1413eff3944150e9203cd9face
  SwiftorioUnitTestsFoundation: 63d985a7859f7134c4bd0562aec954969ad300de

PODFILE CHECKSUM: d9752181c381c2db55d212dfc87f1e5c6910c799

COCOAPODS: 1.9.0.beta.2
