// !$*UTF8*$!
{
	archiveVersion = 1;
	classes = {
	};
	objectVersion = 51;
	objects = {

/* Begin PBXBuildFile section */
		5413E1060020FADCAA9AA8A9 /* Pods_UnitTests.framework in Frameworks */ = {isa = PBXBuildFile; fileRef = 4A25E0E207F4A180042D76A9 /* Pods_UnitTests.framework */; };
		A34345A9D02D332272E29917 /* Pods_swiftorio.framework in Frameworks */ = {isa = PBXBuildFile; fileRef = B407B9CDDDBBB2B5BDFD58B2 /* Pods_swiftorio.framework */; };
		F801FAF22556824A00E24AEE /* main.swift in Sources */ = {isa = PBXBuildFile; fileRef = F801FAF12556824A00E24AEE /* main.swift */; };
		F878DCFD25574E00001EFEC3 /* GenerateDataRaw.swift in Sources */ = {isa = PBXBuildFile; fileRef = F878DCFC25574E00001EFEC3 /* GenerateDataRaw.swift */; };
		F878DCFF2557E1A2001EFEC3 /* FindTopLevel.swift in Sources */ = {isa = PBXBuildFile; fileRef = F878DCFE2557E1A2001EFEC3 /* FindTopLevel.swift */; };
		F878DD012557E1B1001EFEC3 /* Shortcuts.swift in Sources */ = {isa = PBXBuildFile; fileRef = F878DD002557E1B1001EFEC3 /* Shortcuts.swift */; };
		F8D9D88E2557055800A3B02A /* Dummy.swift in Sources */ = {isa = PBXBuildFile; fileRef = F8D9D88D2557055800A3B02A /* Dummy.swift */; };
/* End PBXBuildFile section */

/* Begin PBXCopyFilesBuildPhase section */
		F801FAEC2556824A00E24AEE /* CopyFiles */ = {
			isa = PBXCopyFilesBuildPhase;
			buildActionMask = 2147483647;
			dstPath = /usr/share/man/man1/;
			dstSubfolderSpec = 0;
			files = (
			);
			runOnlyForDeploymentPostprocessing = 1;
		};
/* End PBXCopyFilesBuildPhase section */

/* Begin PBXFileReference section */
		0D48E8F8FCB206086CCAEAAB /* Pods-UnitTests.release.xcconfig */ = {isa = PBXFileReference; includeInIndex = 1; lastKnownFileType = text.xcconfig; name = "Pods-UnitTests.release.xcconfig"; path = "Target Support Files/Pods-UnitTests/Pods-UnitTests.release.xcconfig"; sourceTree = "<group>"; };
		3C5525A64C866B7F81BC2016 /* Pods-swiftorio.release.xcconfig */ = {isa = PBXFileReference; includeInIndex = 1; lastKnownFileType = text.xcconfig; name = "Pods-swiftorio.release.xcconfig"; path = "Target Support Files/Pods-swiftorio/Pods-swiftorio.release.xcconfig"; sourceTree = "<group>"; };
		4A25E0E207F4A180042D76A9 /* Pods_UnitTests.framework */ = {isa = PBXFileReference; explicitFileType = wrapper.framework; includeInIndex = 0; path = Pods_UnitTests.framework; sourceTree = BUILT_PRODUCTS_DIR; };
		B407B9CDDDBBB2B5BDFD58B2 /* Pods_swiftorio.framework */ = {isa = PBXFileReference; explicitFileType = wrapper.framework; includeInIndex = 0; path = Pods_swiftorio.framework; sourceTree = BUILT_PRODUCTS_DIR; };
		E68836745ACEA80ED4542E37 /* Pods-UnitTests.debug.xcconfig */ = {isa = PBXFileReference; includeInIndex = 1; lastKnownFileType = text.xcconfig; name = "Pods-UnitTests.debug.xcconfig"; path = "Target Support Files/Pods-UnitTests/Pods-UnitTests.debug.xcconfig"; sourceTree = "<group>"; };
		F136B200AF4038C73DDDA8DA /* Pods-swiftorio.debug.xcconfig */ = {isa = PBXFileReference; includeInIndex = 1; lastKnownFileType = text.xcconfig; name = "Pods-swiftorio.debug.xcconfig"; path = "Target Support Files/Pods-swiftorio/Pods-swiftorio.debug.xcconfig"; sourceTree = "<group>"; };
		F801FAEE2556824A00E24AEE /* swiftorio */ = {isa = PBXFileReference; explicitFileType = "compiled.mach-o.executable"; includeInIndex = 0; path = swiftorio; sourceTree = BUILT_PRODUCTS_DIR; };
		F801FAF12556824A00E24AEE /* main.swift */ = {isa = PBXFileReference; lastKnownFileType = sourcecode.swift; path = main.swift; sourceTree = "<group>"; };
		F878DCFC25574E00001EFEC3 /* GenerateDataRaw.swift */ = {isa = PBXFileReference; lastKnownFileType = sourcecode.swift; path = GenerateDataRaw.swift; sourceTree = "<group>"; };
		F878DCFE2557E1A2001EFEC3 /* FindTopLevel.swift */ = {isa = PBXFileReference; lastKnownFileType = sourcecode.swift; path = FindTopLevel.swift; sourceTree = "<group>"; };
		F878DD002557E1B1001EFEC3 /* Shortcuts.swift */ = {isa = PBXFileReference; lastKnownFileType = sourcecode.swift; path = Shortcuts.swift; sourceTree = "<group>"; };
		F8D9D88B2557055800A3B02A /* UnitTests.xctest */ = {isa = PBXFileReference; explicitFileType = wrapper.cfbundle; includeInIndex = 0; path = UnitTests.xctest; sourceTree = BUILT_PRODUCTS_DIR; };
		F8D9D88D2557055800A3B02A /* Dummy.swift */ = {isa = PBXFileReference; lastKnownFileType = sourcecode.swift; path = Dummy.swift; sourceTree = "<group>"; };
		F8D9D88F2557055800A3B02A /* Info.plist */ = {isa = PBXFileReference; lastKnownFileType = text.plist.xml; path = Info.plist; sourceTree = "<group>"; };
/* End PBXFileReference section */

/* Begin PBXFrameworksBuildPhase section */
		F801FAEB2556824A00E24AEE /* Frameworks */ = {
			isa = PBXFrameworksBuildPhase;
			buildActionMask = 2147483647;
			files = (
				A34345A9D02D332272E29917 /* Pods_swiftorio.framework in Frameworks */,
			);
			runOnlyForDeploymentPostprocessing = 0;
		};
		F8D9D8882557055800A3B02A /* Frameworks */ = {
			isa = PBXFrameworksBuildPhase;
			buildActionMask = 2147483647;
			files = (
				5413E1060020FADCAA9AA8A9 /* Pods_UnitTests.framework in Frameworks */,
			);
			runOnlyForDeploymentPostprocessing = 0;
		};
/* End PBXFrameworksBuildPhase section */

/* Begin PBXGroup section */
		9E1C1A0DA7FEB717155572DF /* Frameworks */ = {
			isa = PBXGroup;
			children = (
				B407B9CDDDBBB2B5BDFD58B2 /* Pods_swiftorio.framework */,
				4A25E0E207F4A180042D76A9 /* Pods_UnitTests.framework */,
			);
			name = Frameworks;
			sourceTree = "<group>";
		};
		9EBC5A9882C6AB0C292EA0E3 /* Pods */ = {
			isa = PBXGroup;
			children = (
				F136B200AF4038C73DDDA8DA /* Pods-swiftorio.debug.xcconfig */,
				3C5525A64C866B7F81BC2016 /* Pods-swiftorio.release.xcconfig */,
				E68836745ACEA80ED4542E37 /* Pods-UnitTests.debug.xcconfig */,
				0D48E8F8FCB206086CCAEAAB /* Pods-UnitTests.release.xcconfig */,
			);
			path = Pods;
			sourceTree = "<group>";
		};
		F801FAE52556824A00E24AEE = {
			isa = PBXGroup;
			children = (
				F801FAF02556824A00E24AEE /* swiftorio */,
				F8D9D88C2557055800A3B02A /* UnitTests */,
				F801FAEF2556824A00E24AEE /* Products */,
				9EBC5A9882C6AB0C292EA0E3 /* Pods */,
				9E1C1A0DA7FEB717155572DF /* Frameworks */,
			);
			sourceTree = "<group>";
		};
		F801FAEF2556824A00E24AEE /* Products */ = {
			isa = PBXGroup;
			children = (
				F801FAEE2556824A00E24AEE /* swiftorio */,
				F8D9D88B2557055800A3B02A /* UnitTests.xctest */,
			);
			name = Products;
			sourceTree = "<group>";
		};
		F801FAF02556824A00E24AEE /* swiftorio */ = {
			isa = PBXGroup;
			children = (
				F878DD1A2557F347001EFEC3 /* Playground */,
				F801FAF12556824A00E24AEE /* main.swift */,
			);
			path = swiftorio;
			sourceTree = "<group>";
		};
		F878DD1A2557F347001EFEC3 /* Playground */ = {
			isa = PBXGroup;
			children = (
				F878DCFC25574E00001EFEC3 /* GenerateDataRaw.swift */,
				F878DCFE2557E1A2001EFEC3 /* FindTopLevel.swift */,
				F878DD002557E1B1001EFEC3 /* Shortcuts.swift */,
			);
			path = Playground;
			sourceTree = "<group>";
		};
		F8D9D88C2557055800A3B02A /* UnitTests */ = {
			isa = PBXGroup;
			children = (
				F8D9D88D2557055800A3B02A /* Dummy.swift */,
				F8D9D88F2557055800A3B02A /* Info.plist */,
			);
			path = UnitTests;
			sourceTree = "<group>";
		};
/* End PBXGroup section */

/* Begin PBXNativeTarget section */
		F801FAED2556824A00E24AEE /* swiftorio */ = {
			isa = PBXNativeTarget;
			buildConfigurationList = F801FAF52556824A00E24AEE /* Build configuration list for PBXNativeTarget "swiftorio" */;
			buildPhases = (
				813C4605AA84FDB83FDD0997 /* [CP] Check Pods Manifest.lock */,
				F801FAEA2556824A00E24AEE /* Sources */,
				F801FAEB2556824A00E24AEE /* Frameworks */,
				F801FAEC2556824A00E24AEE /* CopyFiles */,
			);
			buildRules = (
			);
			dependencies = (
			);
			name = swiftorio;
			productName = swiftorio;
			productReference = F801FAEE2556824A00E24AEE /* swiftorio */;
			productType = "com.apple.product-type.tool";
		};
		F8D9D88A2557055800A3B02A /* UnitTests */ = {
			isa = PBXNativeTarget;
			buildConfigurationList = F8D9D8922557055800A3B02A /* Build configuration list for PBXNativeTarget "UnitTests" */;
			buildPhases = (
				6E819B90EA7C1CC62F046A24 /* [CP] Check Pods Manifest.lock */,
				F8D9D8872557055800A3B02A /* Sources */,
				F8D9D8882557055800A3B02A /* Frameworks */,
				F8D9D8892557055800A3B02A /* Resources */,
				2344F98933492D0940552CDE /* [CP] Embed Pods Frameworks */,
			);
			buildRules = (
			);
			dependencies = (
			);
			name = UnitTests;
			productName = UnitTests;
			productReference = F8D9D88B2557055800A3B02A /* UnitTests.xctest */;
			productType = "com.apple.product-type.bundle.unit-test";
		};
/* End PBXNativeTarget section */

/* Begin PBXProject section */
		F801FAE62556824A00E24AEE /* Project object */ = {
			isa = PBXProject;
			attributes = {
				LastSwiftUpdateCheck = 1170;
				LastUpgradeCheck = 1170;
				ORGANIZATIONNAME = Example;
				TargetAttributes = {
					F801FAED2556824A00E24AEE = {
						CreatedOnToolsVersion = 11.7;
					};
					F8D9D88A2557055800A3B02A = {
						CreatedOnToolsVersion = 11.7;
					};
				};
			};
			buildConfigurationList = F801FAE92556824A00E24AEE /* Build configuration list for PBXProject "swiftorio" */;
			compatibilityVersion = "Xcode 9.3";
			developmentRegion = en;
			hasScannedForEncodings = 0;
			knownRegions = (
				en,
				Base,
			);
			mainGroup = F801FAE52556824A00E24AEE;
			productRefGroup = F801FAEF2556824A00E24AEE /* Products */;
			projectDirPath = "";
			projectRoot = "";
			targets = (
				F801FAED2556824A00E24AEE /* swiftorio */,
				F8D9D88A2557055800A3B02A /* UnitTests */,
			);
		};
/* End PBXProject section */

/* Begin PBXResourcesBuildPhase section */
		F8D9D8892557055800A3B02A /* Resources */ = {
			isa = PBXResourcesBuildPhase;
			buildActionMask = 2147483647;
			files = (
			);
			runOnlyForDeploymentPostprocessing = 0;
		};
/* End PBXResourcesBuildPhase section */

/* Begin PBXShellScriptBuildPhase section */
		2344F98933492D0940552CDE /* [CP] Embed Pods Frameworks */ = {
			isa = PBXShellScriptBuildPhase;
			buildActionMask = 2147483647;
			files = (
			);
			inputFileListPaths = (
				"${PODS_ROOT}/Target Support Files/Pods-UnitTests/Pods-UnitTests-frameworks-${CONFIGURATION}-input-files.xcfilelist",
			);
			name = "[CP] Embed Pods Frameworks";
			outputFileListPaths = (
				"${PODS_ROOT}/Target Support Files/Pods-UnitTests/Pods-UnitTests-frameworks-${CONFIGURATION}-output-files.xcfilelist",
			);
			runOnlyForDeploymentPostprocessing = 0;
			shellPath = /bin/sh;
			shellScript = "\"${PODS_ROOT}/Target Support Files/Pods-UnitTests/Pods-UnitTests-frameworks.sh\"\n";
			showEnvVarsInLog = 0;
		};
		6E819B90EA7C1CC62F046A24 /* [CP] Check Pods Manifest.lock */ = {
			isa = PBXShellScriptBuildPhase;
			buildActionMask = 2147483647;
			files = (
			);
			inputFileListPaths = (
			);
			inputPaths = (
				"${PODS_PODFILE_DIR_PATH}/Podfile.lock",
				"${PODS_ROOT}/Manifest.lock",
			);
			name = "[CP] Check Pods Manifest.lock";
			outputFileListPaths = (
			);
			outputPaths = (
				"$(DERIVED_FILE_DIR)/Pods-UnitTests-checkManifestLockResult.txt",
			);
			runOnlyForDeploymentPostprocessing = 0;
			shellPath = /bin/sh;
			shellScript = "diff \"${PODS_PODFILE_DIR_PATH}/Podfile.lock\" \"${PODS_ROOT}/Manifest.lock\" > /dev/null\nif [ $? != 0 ] ; then\n    # print error to STDERR\n    echo \"error: The sandbox is not in sync with the Podfile.lock. Run 'pod install' or update your CocoaPods installation.\" >&2\n    exit 1\nfi\n# This output is used by Xcode 'outputs' to avoid re-running this script phase.\necho \"SUCCESS\" > \"${SCRIPT_OUTPUT_FILE_0}\"\n";
			showEnvVarsInLog = 0;
		};
		813C4605AA84FDB83FDD0997 /* [CP] Check Pods Manifest.lock */ = {
			isa = PBXShellScriptBuildPhase;
			buildActionMask = 2147483647;
			files = (
			);
			inputFileListPaths = (
			);
			inputPaths = (
				"${PODS_PODFILE_DIR_PATH}/Podfile.lock",
				"${PODS_ROOT}/Manifest.lock",
			);
			name = "[CP] Check Pods Manifest.lock";
			outputFileListPaths = (
			);
			outputPaths = (
				"$(DERIVED_FILE_DIR)/Pods-swiftorio-checkManifestLockResult.txt",
			);
			runOnlyForDeploymentPostprocessing = 0;
			shellPath = /bin/sh;
			shellScript = "diff \"${PODS_PODFILE_DIR_PATH}/Podfile.lock\" \"${PODS_ROOT}/Manifest.lock\" > /dev/null\nif [ $? != 0 ] ; then\n    # print error to STDERR\n    echo \"error: The sandbox is not in sync with the Podfile.lock. Run 'pod install' or update your CocoaPods installation.\" >&2\n    exit 1\nfi\n# This output is used by Xcode 'outputs' to avoid re-running this script phase.\necho \"SUCCESS\" > \"${SCRIPT_OUTPUT_FILE_0}\"\n";
			showEnvVarsInLog = 0;
		};
/* End PBXShellScriptBuildPhase section */

/* Begin PBXSourcesBuildPhase section */
		F801FAEA2556824A00E24AEE /* Sources */ = {
			isa = PBXSourcesBuildPhase;
			buildActionMask = 2147483647;
			files = (
				F801FAF22556824A00E24AEE /* main.swift in Sources */,
				F878DD012557E1B1001EFEC3 /* Shortcuts.swift in Sources */,
				F878DCFF2557E1A2001EFEC3 /* FindTopLevel.swift in Sources */,
				F878DCFD25574E00001EFEC3 /* GenerateDataRaw.swift in Sources */,
			);
			runOnlyForDeploymentPostprocessing = 0;
		};
		F8D9D8872557055800A3B02A /* Sources */ = {
			isa = PBXSourcesBuildPhase;
			buildActionMask = 2147483647;
			files = (
				F8D9D88E2557055800A3B02A /* Dummy.swift in Sources */,
			);
			runOnlyForDeploymentPostprocessing = 0;
		};
/* End PBXSourcesBuildPhase section */

/* Begin XCBuildConfiguration section */
		F801FAF32556824A00E24AEE /* Debug */ = {
			isa = XCBuildConfiguration;
			buildSettings = {
				ALWAYS_SEARCH_USER_PATHS = NO;
				CLANG_ANALYZER_NONNULL = YES;
				CLANG_ANALYZER_NUMBER_OBJECT_CONVERSION = YES_AGGRESSIVE;
				CLANG_CXX_LANGUAGE_STANDARD = "gnu++14";
				CLANG_CXX_LIBRARY = "libc++";
				CLANG_ENABLE_MODULES = YES;
				CLANG_ENABLE_OBJC_ARC = YES;
				CLANG_ENABLE_OBJC_WEAK = YES;
				CLANG_WARN_BLOCK_CAPTURE_AUTORELEASING = YES;
				CLANG_WARN_BOOL_CONVERSION = YES;
				CLANG_WARN_COMMA = YES;
				CLANG_WARN_CONSTANT_CONVERSION = YES;
				CLANG_WARN_DEPRECATED_OBJC_IMPLEMENTATIONS = YES;
				CLANG_WARN_DIRECT_OBJC_ISA_USAGE = YES_ERROR;
				CLANG_WARN_DOCUMENTATION_COMMENTS = YES;
				CLANG_WARN_EMPTY_BODY = YES;
				CLANG_WARN_ENUM_CONVERSION = YES;
				CLANG_WARN_INFINITE_RECURSION = YES;
				CLANG_WARN_INT_CONVERSION = YES;
				CLANG_WARN_NON_LITERAL_NULL_CONVERSION = YES;
				CLANG_WARN_OBJC_IMPLICIT_RETAIN_SELF = YES;
				CLANG_WARN_OBJC_LITERAL_CONVERSION = YES;
				CLANG_WARN_OBJC_ROOT_CLASS = YES_ERROR;
				CLANG_WARN_RANGE_LOOP_ANALYSIS = YES;
				CLANG_WARN_STRICT_PROTOTYPES = YES;
				CLANG_WARN_SUSPICIOUS_MOVE = YES;
				CLANG_WARN_UNGUARDED_AVAILABILITY = YES_AGGRESSIVE;
				CLANG_WARN_UNREACHABLE_CODE = YES;
				CLANG_WARN__DUPLICATE_METHOD_MATCH = YES;
				COPY_PHASE_STRIP = NO;
				DEBUG_INFORMATION_FORMAT = dwarf;
				ENABLE_STRICT_OBJC_MSGSEND = YES;
				ENABLE_TESTABILITY = YES;
				GCC_C_LANGUAGE_STANDARD = gnu11;
				GCC_DYNAMIC_NO_PIC = NO;
				GCC_NO_COMMON_BLOCKS = YES;
				GCC_OPTIMIZATION_LEVEL = 0;
				GCC_PREPROCESSOR_DEFINITIONS = (
					"DEBUG=1",
					"$(inherited)",
				);
				GCC_WARN_64_TO_32_BIT_CONVERSION = YES;
				GCC_WARN_ABOUT_RETURN_TYPE = YES_ERROR;
				GCC_WARN_UNDECLARED_SELECTOR = YES;
				GCC_WARN_UNINITIALIZED_AUTOS = YES_AGGRESSIVE;
				GCC_WARN_UNUSED_FUNCTION = YES;
				GCC_WARN_UNUSED_VARIABLE = YES;
				MACOSX_DEPLOYMENT_TARGET = 10.15;
				MTL_ENABLE_DEBUG_INFO = INCLUDE_SOURCE;
				MTL_FAST_MATH = YES;
				ONLY_ACTIVE_ARCH = YES;
				SDKROOT = macosx;
				SWIFT_ACTIVE_COMPILATION_CONDITIONS = DEBUG;
				SWIFT_OPTIMIZATION_LEVEL = "-Onone";
			};
			name = Debug;
		};
		F801FAF42556824A00E24AEE /* Release */ = {
			isa = XCBuildConfiguration;
			buildSettings = {
				ALWAYS_SEARCH_USER_PATHS = NO;
				CLANG_ANALYZER_NONNULL = YES;
				CLANG_ANALYZER_NUMBER_OBJECT_CONVERSION = YES_AGGRESSIVE;
				CLANG_CXX_LANGUAGE_STANDARD = "gnu++14";
				CLANG_CXX_LIBRARY = "libc++";
				CLANG_ENABLE_MODULES = YES;
				CLANG_ENABLE_OBJC_ARC = YES;
				CLANG_ENABLE_OBJC_WEAK = YES;
				CLANG_WARN_BLOCK_CAPTURE_AUTORELEASING = YES;
				CLANG_WARN_BOOL_CONVERSION = YES;
				CLANG_WARN_COMMA = YES;
				CLANG_WARN_CONSTANT_CONVERSION = YES;
				CLANG_WARN_DEPRECATED_OBJC_IMPLEMENTATIONS = YES;
				CLANG_WARN_DIRECT_OBJC_ISA_USAGE = YES_ERROR;
				CLANG_WARN_DOCUMENTATION_COMMENTS = YES;
				CLANG_WARN_EMPTY_BODY = YES;
				CLANG_WARN_ENUM_CONVERSION = YES;
				CLANG_WARN_INFINITE_RECURSION = YES;
				CLANG_WARN_INT_CONVERSION = YES;
				CLANG_WARN_NON_LITERAL_NULL_CONVERSION = YES;
				CLANG_WARN_OBJC_IMPLICIT_RETAIN_SELF = YES;
				CLANG_WARN_OBJC_LITERAL_CONVERSION = YES;
				CLANG_WARN_OBJC_ROOT_CLASS = YES_ERROR;
				CLANG_WARN_RANGE_LOOP_ANALYSIS = YES;
				CLANG_WARN_STRICT_PROTOTYPES = YES;
				CLANG_WARN_SUSPICIOUS_MOVE = YES;
				CLANG_WARN_UNGUARDED_AVAILABILITY = YES_AGGRESSIVE;
				CLANG_WARN_UNREACHABLE_CODE = YES;
				CLANG_WARN__DUPLICATE_METHOD_MATCH = YES;
				COPY_PHASE_STRIP = NO;
				DEBUG_INFORMATION_FORMAT = "dwarf-with-dsym";
				ENABLE_NS_ASSERTIONS = NO;
				ENABLE_STRICT_OBJC_MSGSEND = YES;
				GCC_C_LANGUAGE_STANDARD = gnu11;
				GCC_NO_COMMON_BLOCKS = YES;
				GCC_WARN_64_TO_32_BIT_CONVERSION = YES;
				GCC_WARN_ABOUT_RETURN_TYPE = YES_ERROR;
				GCC_WARN_UNDECLARED_SELECTOR = YES;
				GCC_WARN_UNINITIALIZED_AUTOS = YES_AGGRESSIVE;
				GCC_WARN_UNUSED_FUNCTION = YES;
				GCC_WARN_UNUSED_VARIABLE = YES;
				MACOSX_DEPLOYMENT_TARGET = 10.15;
				MTL_ENABLE_DEBUG_INFO = NO;
				MTL_FAST_MATH = YES;
				SDKROOT = macosx;
				SWIFT_COMPILATION_MODE = wholemodule;
				SWIFT_OPTIMIZATION_LEVEL = "-O";
			};
			name = Release;
		};
		F801FAF62556824A00E24AEE /* Debug */ = {
			isa = XCBuildConfiguration;
			baseConfigurationReference = F136B200AF4038C73DDDA8DA /* Pods-swiftorio.debug.xcconfig */;
			buildSettings = {
				CODE_SIGN_STYLE = Automatic;
				LD_RUNPATH_SEARCH_PATHS = (
					"$(inherited)",
					"@executable_path/../Frameworks",
					"@loader_path/Frameworks",
					"@executable_path/SwiftorioBlueprints/",
					"@executable_path/SwiftorioDataRaw/",
					"@executable_path/SwiftorioDi/",
					"@executable_path/SwiftorioFoundation/",
					"@executable_path/SwiftorioRichText/",
					"@executable_path/SwiftorioGameBundle/",
					"@executable_path/SwiftorioLocalization/",
					"@executable_path/SwiftorioTrainStations/",
					"@executable_path/lua4swift/",
					"@executable_path/INIParser/",
					"@executable_path/PathKit/",
				);
				PRODUCT_NAME = "$(TARGET_NAME)";
				SWIFT_VERSION = 5.0;
			};
			name = Debug;
		};
		F801FAF72556824A00E24AEE /* Release */ = {
			isa = XCBuildConfiguration;
			baseConfigurationReference = 3C5525A64C866B7F81BC2016 /* Pods-swiftorio.release.xcconfig */;
			buildSettings = {
				CODE_SIGN_STYLE = Automatic;
				LD_RUNPATH_SEARCH_PATHS = (
					"$(inherited)",
					"@executable_path/../Frameworks",
					"@loader_path/Frameworks",
					"@executable_path/SwiftorioBlueprints/",
					"@executable_path/SwiftorioDataRaw/",
					"@executable_path/SwiftorioDi/",
					"@executable_path/SwiftorioFoundation/",
					"@executable_path/SwiftorioRichText/",
					"@executable_path/SwiftorioGameBundle/",
					"@executable_path/SwiftorioLocalization/",
					"@executable_path/SwiftorioTrainStations/",
					"@executable_path/lua4swift/",
					"@executable_path/INIParser/",
					"@executable_path/PathKit/",
				);
				PRODUCT_NAME = "$(TARGET_NAME)";
				SWIFT_VERSION = 5.0;
			};
			name = Release;
		};
		F8D9D8902557055800A3B02A /* Debug */ = {
			isa = XCBuildConfiguration;
			baseConfigurationReference = E68836745ACEA80ED4542E37 /* Pods-UnitTests.debug.xcconfig */;
			buildSettings = {
				CODE_SIGN_STYLE = Automatic;
				COMBINE_HIDPI_IMAGES = YES;
				INFOPLIST_FILE = UnitTests/Info.plist;
				LD_RUNPATH_SEARCH_PATHS = (
					"$(inherited)",
					"@executable_path/../Frameworks",
					"@loader_path/Frameworks",
					"@executable_path/SwiftorioBlueprints/",
					"@executable_path/SwiftorioDataRaw/",
					"@executable_path/SwiftorioDi/",
					"@executable_path/SwiftorioFoundation/",
					"@executable_path/SwiftorioRichText/",
					"@executable_path/SwiftorioGameBundle/",
					"@executable_path/SwiftorioLocalization/",
					"@executable_path/SwiftorioTrainStations/",
					"@executable_path/lua4swift/",
					"@executable_path/INIParser/",
					"@executable_path/PathKit/",
				);
				PRODUCT_BUNDLE_IDENTIFIER = com.example.UnitTests;
				PRODUCT_NAME = "$(TARGET_NAME)";
				SWIFT_VERSION = 5.0;
			};
			name = Debug;
		};
		F8D9D8912557055800A3B02A /* Release */ = {
			isa = XCBuildConfiguration;
			baseConfigurationReference = 0D48E8F8FCB206086CCAEAAB /* Pods-UnitTests.release.xcconfig */;
			buildSettings = {
				CODE_SIGN_STYLE = Automatic;
				COMBINE_HIDPI_IMAGES = YES;
				INFOPLIST_FILE = UnitTests/Info.plist;
				LD_RUNPATH_SEARCH_PATHS = (
					"$(inherited)",
					"@executable_path/../Frameworks",
					"@loader_path/Frameworks",
					"@executable_path/SwiftorioBlueprints/",
					"@executable_path/SwiftorioDataRaw/",
					"@executable_path/SwiftorioDi/",
					"@executable_path/SwiftorioFoundation/",
					"@executable_path/SwiftorioRichText/",
					"@executable_path/SwiftorioGameBundle/",
					"@executable_path/SwiftorioLocalization/",
					"@executable_path/SwiftorioTrainStations/",
					"@executable_path/lua4swift/",
					"@executable_path/INIParser/",
					"@executable_path/PathKit/",
				);
				PRODUCT_BUNDLE_IDENTIFIER = com.example.UnitTests;
				PRODUCT_NAME = "$(TARGET_NAME)";
				SWIFT_VERSION = 5.0;
			};
			name = Release;
		};
/* End XCBuildConfiguration section */

/* Begin XCConfigurationList section */
		F801FAE92556824A00E24AEE /* Build configuration list for PBXProject "swiftorio" */ = {
			isa = XCConfigurationList;
			buildConfigurations = (
				F801FAF32556824A00E24AEE /* Debug */,
				F801FAF42556824A00E24AEE /* Release */,
			);
			defaultConfigurationIsVisible = 0;
			defaultConfigurationName = Release;
		};
		F801FAF52556824A00E24AEE /* Build configuration list for PBXNativeTarget "swiftorio" */ = {
			isa = XCConfigurationList;
			buildConfigurations = (
				F801FAF62556824A00E24AEE /* Debug */,
				F801FAF72556824A00E24AEE /* Release */,
			);
			defaultConfigurationIsVisible = 0;
			defaultConfigurationName = Release;
		};
		F8D9D8922557055800A3B02A /* Build configuration list for PBXNativeTarget "UnitTests" */ = {
			isa = XCConfigurationList;
			buildConfigurations = (
				F8D9D8902557055800A3B02A /* Debug */,
				F8D9D8912557055800A3B02A /* Release */,
			);
			defaultConfigurationIsVisible = 0;
			defaultConfigurationName = Release;
		};
/* End XCConfigurationList section */
	};
	rootObject = F801FAE62556824A00E24AEE /* Project object */;
}
