<?xml version="1.0" encoding="UTF-8"?>
<Scheme
   LastUpgradeVersion = "1170"
   version = "1.3">
   <BuildAction
      parallelizeBuildables = "YES"
      buildImplicitDependencies = "YES">
   </BuildAction>
   <TestAction
      buildConfiguration = "Debug"
      selectedDebuggerIdentifier = "Xcode.DebuggerFoundation.Debugger.LLDB"
      selectedLauncherIdentifier = "Xcode.DebuggerFoundation.Launcher.LLDB"
      shouldUseLaunchSchemeArgsEnv = "YES">
      <Testables>
         <TestableReference
            skipped = "NO">
            <BuildableReference
               BuildableIdentifier = "primary"
               BlueprintIdentifier = "F8D9D88A2557055800A3B02A"
               BuildableName = "UnitTests.xctest"
               BlueprintName = "UnitTests"
               ReferencedContainer = "container:swiftorio.xcodeproj">
            </BuildableReference>
         </TestableReference>
         <TestableReference
            skipped = "NO">
            <BuildableReference
               BuildableIdentifier = "primary"
               BlueprintIdentifier = "E7DC26977A14954F5B5500A37328AA18"
               BuildableName = "SwiftorioBlueprints-Unit-UnitTests.xctest"
               BlueprintName = "SwiftorioBlueprints-Unit-UnitTests"
               ReferencedContainer = "container:Pods/SwiftorioBlueprints.xcodeproj">
            </BuildableReference>
         </TestableReference>
         <TestableReference
            skipped = "NO">
            <BuildableReference
               BuildableIdentifier = "primary"
               BlueprintIdentifier = "8A5AD1D6F9451944CBC972E1BEAA6368"
               BuildableName = "SwiftorioDataRaw-Unit-UnitTests.xctest"
               BlueprintName = "SwiftorioDataRaw-Unit-UnitTests"
               ReferencedContainer = "container:Pods/SwiftorioDataRaw.xcodeproj">
            </BuildableReference>
         </TestableReference>
         <TestableReference
            skipped = "NO">
            <BuildableReference
               BuildableIdentifier = "primary"
               BlueprintIdentifier = "F3170A5DA717303B259FBA91D1C5A4EB"
               BuildableName = "SwiftorioDi-Unit-UnitTests.xctest"
               BlueprintName = "SwiftorioDi-Unit-UnitTests"
               ReferencedContainer = "container:Pods/SwiftorioDi.xcodeproj">
            </BuildableReference>
         </TestableReference>
         <TestableReference
            skipped = "NO">
            <BuildableReference
               BuildableIdentifier = "primary"
               BlueprintIdentifier = "2EB5B26F8899CD2E3A2A548401333968"
               BuildableName = "SwiftorioFoundation-Unit-UnitTests.xctest"
               BlueprintName = "SwiftorioFoundation-Unit-UnitTests"
               ReferencedContainer = "container:Pods/SwiftorioFoundation.xcodeproj">
            </BuildableReference>
         </TestableReference>
         <TestableReference
            skipped = "NO">
            <BuildableReference
               BuildableIdentifier = "primary"
               BlueprintIdentifier = "1DCA2A6569995962A534FC48F95D5771"
               BuildableName = "SwiftorioGameBundle-Unit-UnitTests.xctest"
               BlueprintName = "SwiftorioGameBundle-Unit-UnitTests"
               ReferencedContainer = "container:Pods/SwiftorioGameBundle.xcodeproj">
            </BuildableReference>
         </TestableReference>
         <TestableReference
            skipped = "NO">
            <BuildableReference
               BuildableIdentifier = "primary"
               BlueprintIdentifier = "8A931D15A433C74414DA3B9F5CE87944"
               BuildableName = "SwiftorioLocalization-Unit-UnitTests.xctest"
               BlueprintName = "SwiftorioLocalization-Unit-UnitTests"
               ReferencedContainer = "container:Pods/SwiftorioLocalization.xcodeproj">
            </BuildableReference>
         </TestableReference>
         <TestableReference
            skipped = "NO">
            <BuildableReference
               BuildableIdentifier = "primary"
               BlueprintIdentifier = "5943E47D51F5F3D0B19D321109058686"
               BuildableName = "SwiftorioRichText-Unit-UnitTests.xctest"
               BlueprintName = "SwiftorioRichText-Unit-UnitTests"
               ReferencedContainer = "container:Pods/SwiftorioRichText.xcodeproj">
            </BuildableReference>
         </TestableReference>
         <TestableReference
            skipped = "NO">
            <BuildableReference
               BuildableIdentifier = "primary"
               BlueprintIdentifier = "B58484414F7AA242B0A4AC363BFCE6E5"
               BuildableName = "SwiftorioTrainStations-Unit-UnitTests.xctest"
               BlueprintName = "SwiftorioTrainStations-Unit-UnitTests"
               ReferencedContainer = "container:Pods/SwiftorioTrainStations.xcodeproj">
            </BuildableReference>
         </TestableReference>
         <TestableReference
            skipped = "NO">
            <BuildableReference
               BuildableIdentifier = "primary"
               BlueprintIdentifier = "3DFF5C4C4C39D76F58320D36B5248ED8"
               BuildableName = "SwiftorioZlib-Unit-UnitTests.xctest"
               BlueprintName = "SwiftorioZlib-Unit-UnitTests"
               ReferencedContainer = "container:Pods/SwiftorioZlib.xcodeproj">
            </BuildableReference>
         </TestableReference>
      </Testables>
   </TestAction>
   <LaunchAction
      buildConfiguration = "Debug"
      selectedDebuggerIdentifier = "Xcode.DebuggerFoundation.Debugger.LLDB"
      selectedLauncherIdentifier = "Xcode.DebuggerFoundation.Launcher.LLDB"
      launchStyle = "0"
      useCustomWorkingDirectory = "NO"
      ignoresPersistentStateOnLaunch = "NO"
      debugDocumentVersioning = "YES"
      debugServiceExtension = "internal"
      allowLocationSimulation = "YES">
   </LaunchAction>
   <ProfileAction
      buildConfiguration = "Release"
      shouldUseLaunchSchemeArgsEnv = "YES"
      savedToolIdentifier = ""
      useCustomWorkingDirectory = "NO"
      debugDocumentVersioning = "YES">
   </ProfileAction>
   <AnalyzeAction
      buildConfiguration = "Debug">
   </AnalyzeAction>
   <ArchiveAction
      buildConfiguration = "Release"
      revealArchiveInOrganizer = "YES">
   </ArchiveAction>
</Scheme>
